// !$*UTF8*$!
{
	archiveVersion = 1;
	classes = {
	};
	objectVersion = 56;
	objects = {

/* Begin PBXBuildFile section */
		E311C8FD2D50555300CCAC2A /* MockDailySalesFactory.swift in Sources */ = {isa = PBXBuildFile; fileRef = E311C8FC2D50555300CCAC2A /* MockDailySalesFactory.swift */; };
		E311C8FF2D50557E00CCAC2A /* MockSalesFactory.swift in Sources */ = {isa = PBXBuildFile; fileRef = E311C8FE2D50557E00CCAC2A /* MockSalesFactory.swift */; };
		E31AB4F22D0BB0F9004BD99A /* BottomStatisticsSheet.swift in Sources */ = {isa = PBXBuildFile; fileRef = E31AB4F12D0BB0F9004BD99A /* BottomStatisticsSheet.swift */; };
		E32A8CEE2CDC029D00B4E405 /* CustomerCard.swift in Sources */ = {isa = PBXBuildFile; fileRef = E32A8CED2CDC029D00B4E405 /* CustomerCard.swift */; };
		E3307DEE2D218E810044ECB1 /* ItemManager.swift in Sources */ = {isa = PBXBuildFile; fileRef = E3307DED2D218E810044ECB1 /* ItemManager.swift */; };
		E330C31D2CD91B2C001CA7A5 /* SearchBar.swift in Sources */ = {isa = PBXBuildFile; fileRef = E330C31C2CD91B2C001CA7A5 /* SearchBar.swift */; };
		E330C3202CD929C9001CA7A5 /* ButtonStyle.swift in Sources */ = {isa = PBXBuildFile; fileRef = E330C31F2CD929C9001CA7A5 /* ButtonStyle.swift */; };
		E330C3222CD9329B001CA7A5 /* BottomBar.swift in Sources */ = {isa = PBXBuildFile; fileRef = E330C3212CD9329B001CA7A5 /* BottomBar.swift */; };
		E330C3242CD99693001CA7A5 /* View+InnerStroke.swift in Sources */ = {isa = PBXBuildFile; fileRef = E330C3232CD99693001CA7A5 /* View+InnerStroke.swift */; };
		E34AFF482D087BB10032D9BF /* StatisticsView.swift in Sources */ = {isa = PBXBuildFile; fileRef = E34AFF472D087BB10032D9BF /* StatisticsView.swift */; };
		E34AFF4A2D087BE70032D9BF /* StatCard.swift in Sources */ = {isa = PBXBuildFile; fileRef = E34AFF492D087BE70032D9BF /* StatCard.swift */; };
		E34AFF502D089B1F0032D9BF /* SalesChartView.swift in Sources */ = {isa = PBXBuildFile; fileRef = E34AFF4F2D089B1F0032D9BF /* SalesChartView.swift */; };
		E3558BDF2D5FA624009611BB /* SalesViewModelTests.swift in Sources */ = {isa = PBXBuildFile; fileRef = E3558BDE2D5FA624009611BB /* SalesViewModelTests.swift */; };
		E3558BE12D5FA6B5009611BB /* MockItemManager.swift in Sources */ = {isa = PBXBuildFile; fileRef = E3558BE02D5FA6B5009611BB /* MockItemManager.swift */; };
		E35656952D0F69FE00B7E78D /* MockReceiptManager.swift in Sources */ = {isa = PBXBuildFile; fileRef = E35656942D0F69FE00B7E78D /* MockReceiptManager.swift */; };
		E35787162D09E5C00088098E /* TopSalesStatView.swift in Sources */ = {isa = PBXBuildFile; fileRef = E35787152D09E5C00088098E /* TopSalesStatView.swift */; };
		E35D3F522D53D29C003B3267 /* MainContainer.swift in Sources */ = {isa = PBXBuildFile; fileRef = E35D3F512D53D29C003B3267 /* MainContainer.swift */; };
		E35E58242D0CC76400F3F0E4 /* CustomTopRoundedShape.swift in Sources */ = {isa = PBXBuildFile; fileRef = E35E58232D0CC76400F3F0E4 /* CustomTopRoundedShape.swift */; };
		E35E58262D0CD3CA00F3F0E4 /* StatisticsClosedButton.swift in Sources */ = {isa = PBXBuildFile; fileRef = E35E58252D0CD3CA00F3F0E4 /* StatisticsClosedButton.swift */; };
		E3661F672D61261400E76317 /* View+ConfigurePopup.swift in Sources */ = {isa = PBXBuildFile; fileRef = E3661F662D61261400E76317 /* View+ConfigurePopup.swift */; };
		E3661F692D61269D00E76317 /* View+Translation.swift in Sources */ = {isa = PBXBuildFile; fileRef = E3661F682D61269D00E76317 /* View+Translation.swift */; };
		E367B8A52D00D96800AC7B81 /* ReceiptManager.swift in Sources */ = {isa = PBXBuildFile; fileRef = E367B8A42D00D96800AC7B81 /* ReceiptManager.swift */; };
		E367B8A72D00E1CC00AC7B81 /* PDFManager.swift in Sources */ = {isa = PBXBuildFile; fileRef = E367B8A62D00E1CC00AC7B81 /* PDFManager.swift */; };
		E36870C22D457DF700AC6CC7 /* CGRect+Centered.swift in Sources */ = {isa = PBXBuildFile; fileRef = E36870C12D457DF700AC6CC7 /* CGRect+Centered.swift */; };
		E369E3032D52CE580099C126 /* MainCoordinator.swift in Sources */ = {isa = PBXBuildFile; fileRef = E369E3022D52CE580099C126 /* MainCoordinator.swift */; };
		E369E3052D52CEBE0099C126 /* Route.swift in Sources */ = {isa = PBXBuildFile; fileRef = E369E3042D52CEBE0099C126 /* Route.swift */; };
		E369E3072D52D1DE0099C126 /* CoordinatorFactory.swift in Sources */ = {isa = PBXBuildFile; fileRef = E369E3062D52D1DE0099C126 /* CoordinatorFactory.swift */; };
		E36DB9A52D4ACF620058E690 /* DailySalesFactory.swift in Sources */ = {isa = PBXBuildFile; fileRef = E36DB9A42D4ACF620058E690 /* DailySalesFactory.swift */; };
		E376E97C2CFB88390065892D /* ReceiptDetailViewModel.swift in Sources */ = {isa = PBXBuildFile; fileRef = E376E97B2CFB88390065892D /* ReceiptDetailViewModel.swift */; };
		E376E97F2CFBA92D0065892D /* DetailSalesReceipt.swift in Sources */ = {isa = PBXBuildFile; fileRef = E376E97E2CFBA92D0065892D /* DetailSalesReceipt.swift */; };
		E38A43822CDE436B007BEC2B /* ReceiptView.swift in Sources */ = {isa = PBXBuildFile; fileRef = E38A43812CDE436B007BEC2B /* ReceiptView.swift */; };
		E38A43842CDE43BE007BEC2B /* CarouselView.swift in Sources */ = {isa = PBXBuildFile; fileRef = E38A43832CDE43BE007BEC2B /* CarouselView.swift */; };
		E3918EB02CDD411B00BCD8F2 /* SwiftUIIntrospect in Frameworks */ = {isa = PBXBuildFile; productRef = E3918EAF2CDD411B00BCD8F2 /* SwiftUIIntrospect */; };
		E396E9FA2CD651C100930B47 /* DailySalesView.swift in Sources */ = {isa = PBXBuildFile; fileRef = E396E9F92CD651C100930B47 /* DailySalesView.swift */; };
		E399FFBA2CE50EA200BE0F31 /* ReceiptDetailView.swift in Sources */ = {isa = PBXBuildFile; fileRef = E399FFB92CE50EA200BE0F31 /* ReceiptDetailView.swift */; };
		E39B91DD2D023B4100150545 /* MockItems.swift in Sources */ = {isa = PBXBuildFile; fileRef = E39B91DC2D023B4100150545 /* MockItems.swift */; };
		E39B97C72D0B3A780095E384 /* MockReceipt.swift in Sources */ = {isa = PBXBuildFile; fileRef = E39B97C62D0B3A780095E384 /* MockReceipt.swift */; };
		E39B97C92D0B3B0F0095E384 /* MockSalesDatabase.swift in Sources */ = {isa = PBXBuildFile; fileRef = E39B97C82D0B3B0F0095E384 /* MockSalesDatabase.swift */; };
		E3A11C972CFFB65900C0A55C /* CustomerNamePopup.swift in Sources */ = {isa = PBXBuildFile; fileRef = E3A11C962CFFB65900C0A55C /* CustomerNamePopup.swift */; };
		E3A11C992CFFB75B00C0A55C /* ReceiptList.swift in Sources */ = {isa = PBXBuildFile; fileRef = E3A11C982CFFB75B00C0A55C /* ReceiptList.swift */; };
		E3A11C9B2CFFB7D000C0A55C /* DailySalesHeader.swift in Sources */ = {isa = PBXBuildFile; fileRef = E3A11C9A2CFFB7D000C0A55C /* DailySalesHeader.swift */; };
		E3A11C9D2CFFB80A00C0A55C /* CustomDatePickerView.swift in Sources */ = {isa = PBXBuildFile; fileRef = E3A11C9C2CFFB80A00C0A55C /* CustomDatePickerView.swift */; };
		E3A11C9F2CFFBF9C00C0A55C /* ReceiptDetailBar.swift in Sources */ = {isa = PBXBuildFile; fileRef = E3A11C9E2CFFBF9C00C0A55C /* ReceiptDetailBar.swift */; };
		E3A2BD022CD5597700555B49 /* CoreDataStack.swift in Sources */ = {isa = PBXBuildFile; fileRef = E3A2BD012CD5597700555B49 /* CoreDataStack.swift */; };
		E3A2BD042CD559AD00555B49 /* SalesDatabase.swift in Sources */ = {isa = PBXBuildFile; fileRef = E3A2BD032CD559AC00555B49 /* SalesDatabase.swift */; };
		E3A2BD062CD5A2A000555B49 /* SalesViewModel.swift in Sources */ = {isa = PBXBuildFile; fileRef = E3A2BD052CD5A2A000555B49 /* SalesViewModel.swift */; };
		E3A8924C2D036FA400574218 /* ItemEntity.swift in Sources */ = {isa = PBXBuildFile; fileRef = E3A8924B2D036FA400574218 /* ItemEntity.swift */; };
		E3A8924E2D036FE300574218 /* ReceiptEntity.swift in Sources */ = {isa = PBXBuildFile; fileRef = E3A8924D2D036FE300574218 /* ReceiptEntity.swift */; };
		E3A892512D03A05D00574218 /* PDFError.swift in Sources */ = {isa = PBXBuildFile; fileRef = E3A892502D03A05D00574218 /* PDFError.swift */; };
		E3A892532D03A0AD00574218 /* DatabaseError.swift in Sources */ = {isa = PBXBuildFile; fileRef = E3A892522D03A0AD00574218 /* DatabaseError.swift */; };
		E3AE5E122D52C76900B6623D /* ReceiptDetailFactory.swift in Sources */ = {isa = PBXBuildFile; fileRef = E3AE5E112D52C76900B6623D /* ReceiptDetailFactory.swift */; };
		E3AE5E162D52C91700B6623D /* MockReceiptDetailFactory.swift in Sources */ = {isa = PBXBuildFile; fileRef = E3AE5E152D52C91700B6623D /* MockReceiptDetailFactory.swift */; };
		E3B6CAED2D4AD7900034400E /* SalesFactory.swift in Sources */ = {isa = PBXBuildFile; fileRef = E3B6CAEC2D4AD7900034400E /* SalesFactory.swift */; };
		E3BD97662D3B081900CF2949 /* FiltersView.swift in Sources */ = {isa = PBXBuildFile; fileRef = E3BD97652D3B081900CF2949 /* FiltersView.swift */; };
		E3BD976A2D3B0B7500CF2949 /* DeleteConfirmationPopup.swift in Sources */ = {isa = PBXBuildFile; fileRef = E3BD97692D3B0B7500CF2949 /* DeleteConfirmationPopup.swift */; };
		E3BD976C2D3B10FF00CF2949 /* DateRangePicker.swift in Sources */ = {isa = PBXBuildFile; fileRef = E3BD976B2D3B10FF00CF2949 /* DateRangePicker.swift */; };
		E3C0F2E52D38697A003E4436 /* UIViewController+TopMostViewController.swift in Sources */ = {isa = PBXBuildFile; fileRef = E3C0F2E42D38697A003E4436 /* UIViewController+TopMostViewController.swift */; };
		E3CB1A822D14557C00EE6286 /* StatisticsViewModel.swift in Sources */ = {isa = PBXBuildFile; fileRef = E3CB1A812D14557C00EE6286 /* StatisticsViewModel.swift */; };
		E3D394B82D3733D600D943ED /* ReceiptDatabaseAPI.swift in Sources */ = {isa = PBXBuildFile; fileRef = E3D394B72D3733D600D943ED /* ReceiptDatabaseAPI.swift */; };
		E3D394BA2D37341200D943ED /* ItemAPI.swift in Sources */ = {isa = PBXBuildFile; fileRef = E3D394B92D37341200D943ED /* ItemAPI.swift */; };
		E3D394BC2D37343C00D943ED /* PDFAPI.swift in Sources */ = {isa = PBXBuildFile; fileRef = E3D394BB2D37343C00D943ED /* PDFAPI.swift */; };
		E3D394BE2D37346800D943ED /* StatisticsAPI.swift in Sources */ = {isa = PBXBuildFile; fileRef = E3D394BD2D37346800D943ED /* StatisticsAPI.swift */; };
		E3DFA2112D0764BD00A7B17A /* SalesStatistics.swift in Sources */ = {isa = PBXBuildFile; fileRef = E3DFA2102D0764BD00A7B17A /* SalesStatistics.swift */; };
		E3DFA2132D07665400A7B17A /* StatisticsManager.swift in Sources */ = {isa = PBXBuildFile; fileRef = E3DFA2122D07665400A7B17A /* StatisticsManager.swift */; };
		E3E089012CE38CC500DB0DF3 /* PopupView in Frameworks */ = {isa = PBXBuildFile; productRef = E3E089002CE38CC500DB0DF3 /* PopupView */; };
		E3E089032CE39A3400DB0DF3 /* DailySalesViewModel.swift in Sources */ = {isa = PBXBuildFile; fileRef = E3E089022CE39A3400DB0DF3 /* DailySalesViewModel.swift */; };
		E3E9077C2D46A4D4009F7439 /* CustomErrorAlertView.swift in Sources */ = {isa = PBXBuildFile; fileRef = E3E9077B2D46A4D4009F7439 /* CustomErrorAlertView.swift */; };
		E3FE02542CD5546300779E5B /* SalesReceiptApp.swift in Sources */ = {isa = PBXBuildFile; fileRef = E3FE02532CD5546300779E5B /* SalesReceiptApp.swift */; };
		E3FE02562CD5546300779E5B /* SalesView.swift in Sources */ = {isa = PBXBuildFile; fileRef = E3FE02552CD5546300779E5B /* SalesView.swift */; };
		E3FE02582CD5546900779E5B /* Assets.xcassets in Resources */ = {isa = PBXBuildFile; fileRef = E3FE02572CD5546900779E5B /* Assets.xcassets */; };
		E3FE025B2CD5546900779E5B /* Preview Assets.xcassets in Resources */ = {isa = PBXBuildFile; fileRef = E3FE025A2CD5546900779E5B /* Preview Assets.xcassets */; };
		E3FE02632CD554BA00779E5B /* Item.swift in Sources */ = {isa = PBXBuildFile; fileRef = E3FE02622CD554BA00779E5B /* Item.swift */; };
		E3FE02652CD554FE00779E5B /* Receipt.swift in Sources */ = {isa = PBXBuildFile; fileRef = E3FE02642CD554FE00779E5B /* Receipt.swift */; };
/* End PBXBuildFile section */

/* Begin PBXContainerItemProxy section */
		E3F66A6B2D5EA307003BF25B /* PBXContainerItemProxy */ = {
			isa = PBXContainerItemProxy;
			containerPortal = E3FE02482CD5546300779E5B /* Project object */;
			proxyType = 1;
			remoteGlobalIDString = E3FE024F2CD5546300779E5B;
			remoteInfo = SalesReceipt;
		};
/* End PBXContainerItemProxy section */

/* Begin PBXFileReference section */
		E311C8FC2D50555300CCAC2A /* MockDailySalesFactory.swift */ = {isa = PBXFileReference; lastKnownFileType = sourcecode.swift; path = MockDailySalesFactory.swift; sourceTree = "<group>"; };
		E311C8FE2D50557E00CCAC2A /* MockSalesFactory.swift */ = {isa = PBXFileReference; lastKnownFileType = sourcecode.swift; path = MockSalesFactory.swift; sourceTree = "<group>"; };
		E31AB4F12D0BB0F9004BD99A /* BottomStatisticsSheet.swift */ = {isa = PBXFileReference; lastKnownFileType = sourcecode.swift; path = BottomStatisticsSheet.swift; sourceTree = "<group>"; };
		E32A8CED2CDC029D00B4E405 /* CustomerCard.swift */ = {isa = PBXFileReference; lastKnownFileType = sourcecode.swift; path = CustomerCard.swift; sourceTree = "<group>"; };
		E3307DED2D218E810044ECB1 /* ItemManager.swift */ = {isa = PBXFileReference; lastKnownFileType = sourcecode.swift; path = ItemManager.swift; sourceTree = "<group>"; };
		E330C31C2CD91B2C001CA7A5 /* SearchBar.swift */ = {isa = PBXFileReference; lastKnownFileType = sourcecode.swift; path = SearchBar.swift; sourceTree = "<group>"; };
		E330C31F2CD929C9001CA7A5 /* ButtonStyle.swift */ = {isa = PBXFileReference; lastKnownFileType = sourcecode.swift; path = ButtonStyle.swift; sourceTree = "<group>"; };
		E330C3212CD9329B001CA7A5 /* BottomBar.swift */ = {isa = PBXFileReference; lastKnownFileType = sourcecode.swift; path = BottomBar.swift; sourceTree = "<group>"; };
		E330C3232CD99693001CA7A5 /* View+InnerStroke.swift */ = {isa = PBXFileReference; lastKnownFileType = sourcecode.swift; path = "View+InnerStroke.swift"; sourceTree = "<group>"; };
		E34AFF472D087BB10032D9BF /* StatisticsView.swift */ = {isa = PBXFileReference; lastKnownFileType = sourcecode.swift; path = StatisticsView.swift; sourceTree = "<group>"; };
		E34AFF492D087BE70032D9BF /* StatCard.swift */ = {isa = PBXFileReference; lastKnownFileType = sourcecode.swift; path = StatCard.swift; sourceTree = "<group>"; };
		E34AFF4F2D089B1F0032D9BF /* SalesChartView.swift */ = {isa = PBXFileReference; lastKnownFileType = sourcecode.swift; path = SalesChartView.swift; sourceTree = "<group>"; };
		E3558BDE2D5FA624009611BB /* SalesViewModelTests.swift */ = {isa = PBXFileReference; lastKnownFileType = sourcecode.swift; path = SalesViewModelTests.swift; sourceTree = "<group>"; };
		E3558BE02D5FA6B5009611BB /* MockItemManager.swift */ = {isa = PBXFileReference; lastKnownFileType = sourcecode.swift; path = MockItemManager.swift; sourceTree = "<group>"; };
		E35656942D0F69FE00B7E78D /* MockReceiptManager.swift */ = {isa = PBXFileReference; lastKnownFileType = sourcecode.swift; path = MockReceiptManager.swift; sourceTree = "<group>"; };
		E35787152D09E5C00088098E /* TopSalesStatView.swift */ = {isa = PBXFileReference; lastKnownFileType = sourcecode.swift; path = TopSalesStatView.swift; sourceTree = "<group>"; };
		E35D3F512D53D29C003B3267 /* MainContainer.swift */ = {isa = PBXFileReference; lastKnownFileType = sourcecode.swift; path = MainContainer.swift; sourceTree = "<group>"; };
		E35E58232D0CC76400F3F0E4 /* CustomTopRoundedShape.swift */ = {isa = PBXFileReference; lastKnownFileType = sourcecode.swift; path = CustomTopRoundedShape.swift; sourceTree = "<group>"; };
		E35E58252D0CD3CA00F3F0E4 /* StatisticsClosedButton.swift */ = {isa = PBXFileReference; lastKnownFileType = sourcecode.swift; path = StatisticsClosedButton.swift; sourceTree = "<group>"; };
		E3661F662D61261400E76317 /* View+ConfigurePopup.swift */ = {isa = PBXFileReference; lastKnownFileType = sourcecode.swift; path = "View+ConfigurePopup.swift"; sourceTree = "<group>"; };
		E3661F682D61269D00E76317 /* View+Translation.swift */ = {isa = PBXFileReference; lastKnownFileType = sourcecode.swift; path = "View+Translation.swift"; sourceTree = "<group>"; };
		E367B8A42D00D96800AC7B81 /* ReceiptManager.swift */ = {isa = PBXFileReference; lastKnownFileType = sourcecode.swift; path = ReceiptManager.swift; sourceTree = "<group>"; };
		E367B8A62D00E1CC00AC7B81 /* PDFManager.swift */ = {isa = PBXFileReference; lastKnownFileType = sourcecode.swift; path = PDFManager.swift; sourceTree = "<group>"; };
		E36870C12D457DF700AC6CC7 /* CGRect+Centered.swift */ = {isa = PBXFileReference; lastKnownFileType = sourcecode.swift; path = "CGRect+Centered.swift"; sourceTree = "<group>"; };
		E369E3022D52CE580099C126 /* MainCoordinator.swift */ = {isa = PBXFileReference; lastKnownFileType = sourcecode.swift; path = MainCoordinator.swift; sourceTree = "<group>"; };
		E369E3042D52CEBE0099C126 /* Route.swift */ = {isa = PBXFileReference; lastKnownFileType = sourcecode.swift; path = Route.swift; sourceTree = "<group>"; };
		E369E3062D52D1DE0099C126 /* CoordinatorFactory.swift */ = {isa = PBXFileReference; lastKnownFileType = sourcecode.swift; path = CoordinatorFactory.swift; sourceTree = "<group>"; };
		E36DB9A42D4ACF620058E690 /* DailySalesFactory.swift */ = {isa = PBXFileReference; lastKnownFileType = sourcecode.swift; path = DailySalesFactory.swift; sourceTree = "<group>"; };
		E376E97B2CFB88390065892D /* ReceiptDetailViewModel.swift */ = {isa = PBXFileReference; lastKnownFileType = sourcecode.swift; path = ReceiptDetailViewModel.swift; sourceTree = "<group>"; };
		E376E97E2CFBA92D0065892D /* DetailSalesReceipt.swift */ = {isa = PBXFileReference; lastKnownFileType = sourcecode.swift; path = DetailSalesReceipt.swift; sourceTree = "<group>"; };
		E38A43812CDE436B007BEC2B /* ReceiptView.swift */ = {isa = PBXFileReference; lastKnownFileType = sourcecode.swift; path = ReceiptView.swift; sourceTree = "<group>"; };
		E38A43832CDE43BE007BEC2B /* CarouselView.swift */ = {isa = PBXFileReference; lastKnownFileType = sourcecode.swift; path = CarouselView.swift; sourceTree = "<group>"; };
		E396E9F92CD651C100930B47 /* DailySalesView.swift */ = {isa = PBXFileReference; lastKnownFileType = sourcecode.swift; path = DailySalesView.swift; sourceTree = "<group>"; };
		E399FFB92CE50EA200BE0F31 /* ReceiptDetailView.swift */ = {isa = PBXFileReference; lastKnownFileType = sourcecode.swift; path = ReceiptDetailView.swift; sourceTree = "<group>"; };
		E39B91DC2D023B4100150545 /* MockItems.swift */ = {isa = PBXFileReference; lastKnownFileType = sourcecode.swift; path = MockItems.swift; sourceTree = "<group>"; };
		E39B97C62D0B3A780095E384 /* MockReceipt.swift */ = {isa = PBXFileReference; lastKnownFileType = sourcecode.swift; path = MockReceipt.swift; sourceTree = "<group>"; };
		E39B97C82D0B3B0F0095E384 /* MockSalesDatabase.swift */ = {isa = PBXFileReference; lastKnownFileType = sourcecode.swift; path = MockSalesDatabase.swift; sourceTree = "<group>"; };
		E3A11C962CFFB65900C0A55C /* CustomerNamePopup.swift */ = {isa = PBXFileReference; lastKnownFileType = sourcecode.swift; path = CustomerNamePopup.swift; sourceTree = "<group>"; };
		E3A11C982CFFB75B00C0A55C /* ReceiptList.swift */ = {isa = PBXFileReference; lastKnownFileType = sourcecode.swift; path = ReceiptList.swift; sourceTree = "<group>"; };
		E3A11C9A2CFFB7D000C0A55C /* DailySalesHeader.swift */ = {isa = PBXFileReference; lastKnownFileType = sourcecode.swift; path = DailySalesHeader.swift; sourceTree = "<group>"; };
		E3A11C9C2CFFB80A00C0A55C /* CustomDatePickerView.swift */ = {isa = PBXFileReference; lastKnownFileType = sourcecode.swift; path = CustomDatePickerView.swift; sourceTree = "<group>"; };
		E3A11C9E2CFFBF9C00C0A55C /* ReceiptDetailBar.swift */ = {isa = PBXFileReference; lastKnownFileType = sourcecode.swift; path = ReceiptDetailBar.swift; sourceTree = "<group>"; };
		E3A2BD012CD5597700555B49 /* CoreDataStack.swift */ = {isa = PBXFileReference; lastKnownFileType = sourcecode.swift; path = CoreDataStack.swift; sourceTree = "<group>"; };
		E3A2BD032CD559AC00555B49 /* SalesDatabase.swift */ = {isa = PBXFileReference; lastKnownFileType = sourcecode.swift; path = SalesDatabase.swift; sourceTree = "<group>"; };
		E3A2BD052CD5A2A000555B49 /* SalesViewModel.swift */ = {isa = PBXFileReference; lastKnownFileType = sourcecode.swift; path = SalesViewModel.swift; sourceTree = "<group>"; };
		E3A8924B2D036FA400574218 /* ItemEntity.swift */ = {isa = PBXFileReference; lastKnownFileType = sourcecode.swift; path = ItemEntity.swift; sourceTree = "<group>"; };
		E3A8924D2D036FE300574218 /* ReceiptEntity.swift */ = {isa = PBXFileReference; lastKnownFileType = sourcecode.swift; path = ReceiptEntity.swift; sourceTree = "<group>"; };
		E3A892502D03A05D00574218 /* PDFError.swift */ = {isa = PBXFileReference; lastKnownFileType = sourcecode.swift; path = PDFError.swift; sourceTree = "<group>"; };
		E3A892522D03A0AD00574218 /* DatabaseError.swift */ = {isa = PBXFileReference; lastKnownFileType = sourcecode.swift; path = DatabaseError.swift; sourceTree = "<group>"; };
		E3AE5E112D52C76900B6623D /* ReceiptDetailFactory.swift */ = {isa = PBXFileReference; lastKnownFileType = sourcecode.swift; path = ReceiptDetailFactory.swift; sourceTree = "<group>"; };
		E3AE5E152D52C91700B6623D /* MockReceiptDetailFactory.swift */ = {isa = PBXFileReference; lastKnownFileType = sourcecode.swift; path = MockReceiptDetailFactory.swift; sourceTree = "<group>"; };
		E3B6CAEC2D4AD7900034400E /* SalesFactory.swift */ = {isa = PBXFileReference; lastKnownFileType = sourcecode.swift; path = SalesFactory.swift; sourceTree = "<group>"; };
		E3BD97652D3B081900CF2949 /* FiltersView.swift */ = {isa = PBXFileReference; lastKnownFileType = sourcecode.swift; path = FiltersView.swift; sourceTree = "<group>"; };
		E3BD97692D3B0B7500CF2949 /* DeleteConfirmationPopup.swift */ = {isa = PBXFileReference; lastKnownFileType = sourcecode.swift; path = DeleteConfirmationPopup.swift; sourceTree = "<group>"; };
		E3BD976B2D3B10FF00CF2949 /* DateRangePicker.swift */ = {isa = PBXFileReference; lastKnownFileType = sourcecode.swift; path = DateRangePicker.swift; sourceTree = "<group>"; };
		E3C0F2E32D37E58A003E4436 /* Info.plist */ = {isa = PBXFileReference; lastKnownFileType = text.plist; path = Info.plist; sourceTree = "<group>"; };
		E3C0F2E42D38697A003E4436 /* UIViewController+TopMostViewController.swift */ = {isa = PBXFileReference; lastKnownFileType = sourcecode.swift; path = "UIViewController+TopMostViewController.swift"; sourceTree = "<group>"; };
		E3CB1A812D14557C00EE6286 /* StatisticsViewModel.swift */ = {isa = PBXFileReference; lastKnownFileType = sourcecode.swift; path = StatisticsViewModel.swift; sourceTree = "<group>"; };
		E3D394B72D3733D600D943ED /* ReceiptDatabaseAPI.swift */ = {isa = PBXFileReference; lastKnownFileType = sourcecode.swift; path = ReceiptDatabaseAPI.swift; sourceTree = "<group>"; };
		E3D394B92D37341200D943ED /* ItemAPI.swift */ = {isa = PBXFileReference; lastKnownFileType = sourcecode.swift; path = ItemAPI.swift; sourceTree = "<group>"; };
		E3D394BB2D37343C00D943ED /* PDFAPI.swift */ = {isa = PBXFileReference; lastKnownFileType = sourcecode.swift; path = PDFAPI.swift; sourceTree = "<group>"; };
		E3D394BD2D37346800D943ED /* StatisticsAPI.swift */ = {isa = PBXFileReference; lastKnownFileType = sourcecode.swift; path = StatisticsAPI.swift; sourceTree = "<group>"; };
		E3DFA2102D0764BD00A7B17A /* SalesStatistics.swift */ = {isa = PBXFileReference; lastKnownFileType = sourcecode.swift; path = SalesStatistics.swift; sourceTree = "<group>"; };
		E3DFA2122D07665400A7B17A /* StatisticsManager.swift */ = {isa = PBXFileReference; lastKnownFileType = sourcecode.swift; path = StatisticsManager.swift; sourceTree = "<group>"; };
		E3E089022CE39A3400DB0DF3 /* DailySalesViewModel.swift */ = {isa = PBXFileReference; lastKnownFileType = sourcecode.swift; path = DailySalesViewModel.swift; sourceTree = "<group>"; };
		E3E9077B2D46A4D4009F7439 /* CustomErrorAlertView.swift */ = {isa = PBXFileReference; lastKnownFileType = sourcecode.swift; path = CustomErrorAlertView.swift; sourceTree = "<group>"; };
		E3F66A672D5EA307003BF25B /* SalesReceiptTests.xctest */ = {isa = PBXFileReference; explicitFileType = wrapper.cfbundle; includeInIndex = 0; path = SalesReceiptTests.xctest; sourceTree = BUILT_PRODUCTS_DIR; };
		E3FE02502CD5546300779E5B /* SalesReceipt.app */ = {isa = PBXFileReference; explicitFileType = wrapper.application; includeInIndex = 0; path = SalesReceipt.app; sourceTree = BUILT_PRODUCTS_DIR; };
		E3FE02532CD5546300779E5B /* SalesReceiptApp.swift */ = {isa = PBXFileReference; lastKnownFileType = sourcecode.swift; path = SalesReceiptApp.swift; sourceTree = "<group>"; };
		E3FE02552CD5546300779E5B /* SalesView.swift */ = {isa = PBXFileReference; lastKnownFileType = sourcecode.swift; path = SalesView.swift; sourceTree = "<group>"; };
		E3FE02572CD5546900779E5B /* Assets.xcassets */ = {isa = PBXFileReference; lastKnownFileType = folder.assetcatalog; path = Assets.xcassets; sourceTree = "<group>"; };
		E3FE025A2CD5546900779E5B /* Preview Assets.xcassets */ = {isa = PBXFileReference; lastKnownFileType = folder.assetcatalog; path = "Preview Assets.xcassets"; sourceTree = "<group>"; };
		E3FE02622CD554BA00779E5B /* Item.swift */ = {isa = PBXFileReference; lastKnownFileType = sourcecode.swift; path = Item.swift; sourceTree = "<group>"; };
		E3FE02642CD554FE00779E5B /* Receipt.swift */ = {isa = PBXFileReference; lastKnownFileType = sourcecode.swift; path = Receipt.swift; sourceTree = "<group>"; };
/* End PBXFileReference section */

/* Begin PBXFrameworksBuildPhase section */
		E3F66A642D5EA307003BF25B /* Frameworks */ = {
			isa = PBXFrameworksBuildPhase;
			buildActionMask = 2147483647;
			files = (
			);
			runOnlyForDeploymentPostprocessing = 0;
		};
		E3FE024D2CD5546300779E5B /* Frameworks */ = {
			isa = PBXFrameworksBuildPhase;
			buildActionMask = 2147483647;
			files = (
				E3E089012CE38CC500DB0DF3 /* PopupView in Frameworks */,
				E3918EB02CDD411B00BCD8F2 /* SwiftUIIntrospect in Frameworks */,
			);
			runOnlyForDeploymentPostprocessing = 0;
		};
/* End PBXFrameworksBuildPhase section */

/* Begin PBXGroup section */
		E330C31E2CD92981001CA7A5 /* Extensions */ = {
			isa = PBXGroup;
			children = (
				E330C31F2CD929C9001CA7A5 /* ButtonStyle.swift */,
				E35E58232D0CC76400F3F0E4 /* CustomTopRoundedShape.swift */,
				E330C3232CD99693001CA7A5 /* View+InnerStroke.swift */,
				E3661F682D61269D00E76317 /* View+Translation.swift */,
				E3661F662D61261400E76317 /* View+ConfigurePopup.swift */,
				E3C0F2E42D38697A003E4436 /* UIViewController+TopMostViewController.swift */,
				E36870C12D457DF700AC6CC7 /* CGRect+Centered.swift */,
			);
			path = Extensions;
			sourceTree = "<group>";
		};
		E34AFF462D087B980032D9BF /* StatisticsView */ = {
			isa = PBXGroup;
			children = (
				E34AFF472D087BB10032D9BF /* StatisticsView.swift */,
				E3E9077E2D46B58A009F7439 /* Components */,
			);
			path = StatisticsView;
			sourceTree = "<group>";
		};
		E367B8A32D00D94F00AC7B81 /* Managers */ = {
			isa = PBXGroup;
			children = (
				E367B8A42D00D96800AC7B81 /* ReceiptManager.swift */,
				E3307DED2D218E810044ECB1 /* ItemManager.swift */,
				E367B8A62D00E1CC00AC7B81 /* PDFManager.swift */,
				E3DFA2122D07665400A7B17A /* StatisticsManager.swift */,
			);
			path = Managers;
			sourceTree = "<group>";
		};
		E369E3012D52CD800099C126 /* Navigation */ = {
			isa = PBXGroup;
			children = (
				E369E3062D52D1DE0099C126 /* CoordinatorFactory.swift */,
				E35D3F512D53D29C003B3267 /* MainContainer.swift */,
				E369E3022D52CE580099C126 /* MainCoordinator.swift */,
				E369E3042D52CEBE0099C126 /* Route.swift */,
			);
			path = Navigation;
			sourceTree = "<group>";
		};
		E36DB9A32D4ACF330058E690 /* Factories */ = {
			isa = PBXGroup;
			children = (
				E3AE5E102D52C70F00B6623D /* ReceiptDetail */,
				E3B6CAEB2D4AD74A0034400E /* Sales */,
				E36DB9A82D4ACFA60058E690 /* DailySales */,
			);
			path = Factories;
			sourceTree = "<group>";
		};
		E36DB9A82D4ACFA60058E690 /* DailySales */ = {
			isa = PBXGroup;
			children = (
				E36DB9A42D4ACF620058E690 /* DailySalesFactory.swift */,
				E311C8FC2D50555300CCAC2A /* MockDailySalesFactory.swift */,
			);
			path = DailySales;
			sourceTree = "<group>";
		};
		E376E97D2CFBA9060065892D /* ReceiptDetailView */ = {
			isa = PBXGroup;
			children = (
				E399FFB92CE50EA200BE0F31 /* ReceiptDetailView.swift */,
				E3E9077F2D46B5BD009F7439 /* Components */,
			);
			path = ReceiptDetailView;
			sourceTree = "<group>";
		};
		E38A437E2CDE422B007BEC2B /* Reusable */ = {
			isa = PBXGroup;
			children = (
				E330C31C2CD91B2C001CA7A5 /* SearchBar.swift */,
				E3E9077B2D46A4D4009F7439 /* CustomErrorAlertView.swift */,
			);
			path = Reusable;
			sourceTree = "<group>";
		};
		E38A437F2CDE4256007BEC2B /* MainView */ = {
			isa = PBXGroup;
			children = (
				E3FE02552CD5546300779E5B /* SalesView.swift */,
				E3E9077D2D46B553009F7439 /* Components */,
			);
			path = MainView;
			sourceTree = "<group>";
		};
		E38A43802CDE42CF007BEC2B /* DailySalesView */ = {
			isa = PBXGroup;
			children = (
				E396E9F92CD651C100930B47 /* DailySalesView.swift */,
				E3BD97642D3B07A500CF2949 /* Components */,
				E34AFF462D087B980032D9BF /* StatisticsView */,
			);
			path = DailySalesView;
			sourceTree = "<group>";
		};
		E396E9F82CD6515400930B47 /* Views */ = {
			isa = PBXGroup;
			children = (
				E38A437F2CDE4256007BEC2B /* MainView */,
				E38A43802CDE42CF007BEC2B /* DailySalesView */,
				E376E97D2CFBA9060065892D /* ReceiptDetailView */,
				E38A437E2CDE422B007BEC2B /* Reusable */,
			);
			path = Views;
			sourceTree = "<group>";
		};
		E396E9FB2CD6539D00930B47 /* ViewModels */ = {
			isa = PBXGroup;
			children = (
				E3A2BD052CD5A2A000555B49 /* SalesViewModel.swift */,
				E3E089022CE39A3400DB0DF3 /* DailySalesViewModel.swift */,
				E3CB1A812D14557C00EE6286 /* StatisticsViewModel.swift */,
				E376E97B2CFB88390065892D /* ReceiptDetailViewModel.swift */,
			);
			path = ViewModels;
			sourceTree = "<group>";
		};
		E39B91DB2D023B1600150545 /* Mock */ = {
			isa = PBXGroup;
			children = (
				E36DB9A32D4ACF330058E690 /* Factories */,
				E39B91DC2D023B4100150545 /* MockItems.swift */,
				E39B97C62D0B3A780095E384 /* MockReceipt.swift */,
				E39B97C82D0B3B0F0095E384 /* MockSalesDatabase.swift */,
				E35656942D0F69FE00B7E78D /* MockReceiptManager.swift */,
				E3558BE02D5FA6B5009611BB /* MockItemManager.swift */,
			);
			path = Mock;
			sourceTree = "<group>";
		};
		E3A2BD002CD5594000555B49 /* DataBase */ = {
			isa = PBXGroup;
			children = (
				E3A8924A2D036F6600574218 /* Entity */,
				E3A2BD012CD5597700555B49 /* CoreDataStack.swift */,
				E3A2BD032CD559AC00555B49 /* SalesDatabase.swift */,
			);
			path = DataBase;
			sourceTree = "<group>";
		};
		E3A8924A2D036F6600574218 /* Entity */ = {
			isa = PBXGroup;
			children = (
				E3A8924B2D036FA400574218 /* ItemEntity.swift */,
				E3A8924D2D036FE300574218 /* ReceiptEntity.swift */,
			);
			path = Entity;
			sourceTree = "<group>";
		};
		E3A8924F2D03A03100574218 /* Errors */ = {
			isa = PBXGroup;
			children = (
				E3A892502D03A05D00574218 /* PDFError.swift */,
				E3A892522D03A0AD00574218 /* DatabaseError.swift */,
			);
			path = Errors;
			sourceTree = "<group>";
		};
		E3AE5E102D52C70F00B6623D /* ReceiptDetail */ = {
			isa = PBXGroup;
			children = (
				E3AE5E112D52C76900B6623D /* ReceiptDetailFactory.swift */,
				E3AE5E152D52C91700B6623D /* MockReceiptDetailFactory.swift */,
			);
			path = ReceiptDetail;
			sourceTree = "<group>";
		};
		E3B6CAEB2D4AD74A0034400E /* Sales */ = {
			isa = PBXGroup;
			children = (
				E3B6CAEC2D4AD7900034400E /* SalesFactory.swift */,
				E311C8FE2D50557E00CCAC2A /* MockSalesFactory.swift */,
			);
			path = Sales;
			sourceTree = "<group>";
		};
		E3BD97642D3B07A500CF2949 /* Components */ = {
			isa = PBXGroup;
			children = (
				E32A8CED2CDC029D00B4E405 /* CustomerCard.swift */,
				E3A11C982CFFB75B00C0A55C /* ReceiptList.swift */,
				E3A11C9A2CFFB7D000C0A55C /* DailySalesHeader.swift */,
				E3A11C9C2CFFB80A00C0A55C /* CustomDatePickerView.swift */,
				E3BD97652D3B081900CF2949 /* FiltersView.swift */,
				E3BD976B2D3B10FF00CF2949 /* DateRangePicker.swift */,
				E3BD97692D3B0B7500CF2949 /* DeleteConfirmationPopup.swift */,
			);
			path = Components;
			sourceTree = "<group>";
		};
		E3D394B62D3733B400D943ED /* APIs */ = {
			isa = PBXGroup;
			children = (
				E3D394B72D3733D600D943ED /* ReceiptDatabaseAPI.swift */,
				E3D394B92D37341200D943ED /* ItemAPI.swift */,
				E3D394BB2D37343C00D943ED /* PDFAPI.swift */,
				E3D394BD2D37346800D943ED /* StatisticsAPI.swift */,
			);
			path = APIs;
			sourceTree = "<group>";
		};
		E3E9077D2D46B553009F7439 /* Components */ = {
			isa = PBXGroup;
			children = (
				E38A43832CDE43BE007BEC2B /* CarouselView.swift */,
				E38A43812CDE436B007BEC2B /* ReceiptView.swift */,
				E330C3212CD9329B001CA7A5 /* BottomBar.swift */,
				E3A11C962CFFB65900C0A55C /* CustomerNamePopup.swift */,
			);
			path = Components;
			sourceTree = "<group>";
		};
		E3E9077E2D46B58A009F7439 /* Components */ = {
			isa = PBXGroup;
			children = (
				E35E58252D0CD3CA00F3F0E4 /* StatisticsClosedButton.swift */,
				E34AFF4F2D089B1F0032D9BF /* SalesChartView.swift */,
				E34AFF492D087BE70032D9BF /* StatCard.swift */,
				E35787152D09E5C00088098E /* TopSalesStatView.swift */,
				E31AB4F12D0BB0F9004BD99A /* BottomStatisticsSheet.swift */,
			);
			path = Components;
			sourceTree = "<group>";
		};
		E3E9077F2D46B5BD009F7439 /* Components */ = {
			isa = PBXGroup;
			children = (
				E3A11C9E2CFFBF9C00C0A55C /* ReceiptDetailBar.swift */,
				E376E97E2CFBA92D0065892D /* DetailSalesReceipt.swift */,
			);
			path = Components;
			sourceTree = "<group>";
		};
		E3F66A682D5EA307003BF25B /* SalesReceiptTests */ = {
			isa = PBXGroup;
			children = (
				E3558BDE2D5FA624009611BB /* SalesViewModelTests.swift */,
			);
			path = SalesReceiptTests;
			sourceTree = "<group>";
		};
		E3FE02472CD5546300779E5B = {
			isa = PBXGroup;
			children = (
				E3FE02522CD5546300779E5B /* SalesReceipt */,
				E3F66A682D5EA307003BF25B /* SalesReceiptTests */,
				E3FE02512CD5546300779E5B /* Products */,
			);
			sourceTree = "<group>";
		};
		E3FE02512CD5546300779E5B /* Products */ = {
			isa = PBXGroup;
			children = (
				E3FE02502CD5546300779E5B /* SalesReceipt.app */,
				E3F66A672D5EA307003BF25B /* SalesReceiptTests.xctest */,
			);
			name = Products;
			sourceTree = "<group>";
		};
		E3FE02522CD5546300779E5B /* SalesReceipt */ = {
			isa = PBXGroup;
			children = (
				E369E3012D52CD800099C126 /* Navigation */,
				E3D394B62D3733B400D943ED /* APIs */,
				E367B8A32D00D94F00AC7B81 /* Managers */,
				E3A8924F2D03A03100574218 /* Errors */,
				E330C31E2CD92981001CA7A5 /* Extensions */,
				E396E9FB2CD6539D00930B47 /* ViewModels */,
				E396E9F82CD6515400930B47 /* Views */,
				E3A2BD002CD5594000555B49 /* DataBase */,
				E39B91DB2D023B1600150545 /* Mock */,
				E3FE02612CD5549500779E5B /* Models */,
				E3FE02532CD5546300779E5B /* SalesReceiptApp.swift */,
				E3C0F2E32D37E58A003E4436 /* Info.plist */,
				E3FE02572CD5546900779E5B /* Assets.xcassets */,
				E3FE02592CD5546900779E5B /* Preview Content */,
			);
			path = SalesReceipt;
			sourceTree = "<group>";
		};
		E3FE02592CD5546900779E5B /* Preview Content */ = {
			isa = PBXGroup;
			children = (
				E3FE025A2CD5546900779E5B /* Preview Assets.xcassets */,
			);
			path = "Preview Content";
			sourceTree = "<group>";
		};
		E3FE02612CD5549500779E5B /* Models */ = {
			isa = PBXGroup;
			children = (
				E3FE02622CD554BA00779E5B /* Item.swift */,
				E3FE02642CD554FE00779E5B /* Receipt.swift */,
				E3DFA2102D0764BD00A7B17A /* SalesStatistics.swift */,
			);
			path = Models;
			sourceTree = "<group>";
		};
/* End PBXGroup section */

/* Begin PBXNativeTarget section */
		E3F66A662D5EA307003BF25B /* SalesReceiptTests */ = {
			isa = PBXNativeTarget;
			buildConfigurationList = E3F66A6F2D5EA307003BF25B /* Build configuration list for PBXNativeTarget "SalesReceiptTests" */;
			buildPhases = (
				E3F66A632D5EA307003BF25B /* Sources */,
				E3F66A642D5EA307003BF25B /* Frameworks */,
				E3F66A652D5EA307003BF25B /* Resources */,
			);
			buildRules = (
			);
			dependencies = (
				E3F66A6C2D5EA307003BF25B /* PBXTargetDependency */,
			);
			name = SalesReceiptTests;
			productName = SalesReceiptTests;
			productReference = E3F66A672D5EA307003BF25B /* SalesReceiptTests.xctest */;
			productType = "com.apple.product-type.bundle.unit-test";
		};
		E3FE024F2CD5546300779E5B /* SalesReceipt */ = {
			isa = PBXNativeTarget;
			buildConfigurationList = E3FE025E2CD5546900779E5B /* Build configuration list for PBXNativeTarget "SalesReceipt" */;
			buildPhases = (
				E3FE024C2CD5546300779E5B /* Sources */,
				E3FE024D2CD5546300779E5B /* Frameworks */,
				E3FE024E2CD5546300779E5B /* Resources */,
			);
			buildRules = (
			);
			dependencies = (
			);
			name = SalesReceipt;
			packageProductDependencies = (
				E3918EAF2CDD411B00BCD8F2 /* SwiftUIIntrospect */,
				E3E089002CE38CC500DB0DF3 /* PopupView */,
			);
			productName = SalesReceipt;
			productReference = E3FE02502CD5546300779E5B /* SalesReceipt.app */;
			productType = "com.apple.product-type.application";
		};
/* End PBXNativeTarget section */

/* Begin PBXProject section */
		E3FE02482CD5546300779E5B /* Project object */ = {
			isa = PBXProject;
			attributes = {
				BuildIndependentTargetsInParallel = 1;
				LastSwiftUpdateCheck = 1420;
				LastUpgradeCheck = 1420;
				TargetAttributes = {
					E3F66A662D5EA307003BF25B = {
						CreatedOnToolsVersion = 14.2;
						TestTargetID = E3FE024F2CD5546300779E5B;
					};
					E3FE024F2CD5546300779E5B = {
						CreatedOnToolsVersion = 14.2;
					};
				};
			};
			buildConfigurationList = E3FE024B2CD5546300779E5B /* Build configuration list for PBXProject "SalesReceipt" */;
			compatibilityVersion = "Xcode 14.0";
			developmentRegion = en;
			hasScannedForEncodings = 0;
			knownRegions = (
				en,
				Base,
			);
			mainGroup = E3FE02472CD5546300779E5B;
			packageReferences = (
				E3918EAE2CDD411B00BCD8F2 /* XCRemoteSwiftPackageReference "SwiftUI-Introspect" */,
				E3E088FF2CE38CC500DB0DF3 /* XCRemoteSwiftPackageReference "PopupView" */,
			);
			productRefGroup = E3FE02512CD5546300779E5B /* Products */;
			projectDirPath = "";
			projectRoot = "";
			targets = (
				E3FE024F2CD5546300779E5B /* SalesReceipt */,
				E3F66A662D5EA307003BF25B /* SalesReceiptTests */,
			);
		};
/* End PBXProject section */

/* Begin PBXResourcesBuildPhase section */
		E3F66A652D5EA307003BF25B /* Resources */ = {
			isa = PBXResourcesBuildPhase;
			buildActionMask = 2147483647;
			files = (
			);
			runOnlyForDeploymentPostprocessing = 0;
		};
		E3FE024E2CD5546300779E5B /* Resources */ = {
			isa = PBXResourcesBuildPhase;
			buildActionMask = 2147483647;
			files = (
				E3FE025B2CD5546900779E5B /* Preview Assets.xcassets in Resources */,
				E3FE02582CD5546900779E5B /* Assets.xcassets in Resources */,
			);
			runOnlyForDeploymentPostprocessing = 0;
		};
/* End PBXResourcesBuildPhase section */

/* Begin PBXSourcesBuildPhase section */
		E3F66A632D5EA307003BF25B /* Sources */ = {
			isa = PBXSourcesBuildPhase;
			buildActionMask = 2147483647;
			files = (
				E3558BDF2D5FA624009611BB /* SalesViewModelTests.swift in Sources */,
			);
			runOnlyForDeploymentPostprocessing = 0;
		};
		E3FE024C2CD5546300779E5B /* Sources */ = {
			isa = PBXSourcesBuildPhase;
			buildActionMask = 2147483647;
			files = (
				E3C0F2E52D38697A003E4436 /* UIViewController+TopMostViewController.swift in Sources */,
				E367B8A72D00E1CC00AC7B81 /* PDFManager.swift in Sources */,
				E3307DEE2D218E810044ECB1 /* ItemManager.swift in Sources */,
				E3D394B82D3733D600D943ED /* ReceiptDatabaseAPI.swift in Sources */,
				E3A2BD062CD5A2A000555B49 /* SalesViewModel.swift in Sources */,
				E3A2BD022CD5597700555B49 /* CoreDataStack.swift in Sources */,
				E3D394BA2D37341200D943ED /* ItemAPI.swift in Sources */,
				E3A11C9B2CFFB7D000C0A55C /* DailySalesHeader.swift in Sources */,
				E34AFF502D089B1F0032D9BF /* SalesChartView.swift in Sources */,
				E3DFA2132D07665400A7B17A /* StatisticsManager.swift in Sources */,
				E3661F672D61261400E76317 /* View+ConfigurePopup.swift in Sources */,
				E3A2BD042CD559AD00555B49 /* SalesDatabase.swift in Sources */,
				E3B6CAED2D4AD7900034400E /* SalesFactory.swift in Sources */,
				E330C3202CD929C9001CA7A5 /* ButtonStyle.swift in Sources */,
				E367B8A52D00D96800AC7B81 /* ReceiptManager.swift in Sources */,
				E32A8CEE2CDC029D00B4E405 /* CustomerCard.swift in Sources */,
				E330C3242CD99693001CA7A5 /* View+InnerStroke.swift in Sources */,
				E3FE02652CD554FE00779E5B /* Receipt.swift in Sources */,
				E3FE02562CD5546300779E5B /* SalesView.swift in Sources */,
				E330C31D2CD91B2C001CA7A5 /* SearchBar.swift in Sources */,
				E34AFF482D087BB10032D9BF /* StatisticsView.swift in Sources */,
				E3CB1A822D14557C00EE6286 /* StatisticsViewModel.swift in Sources */,
				E31AB4F22D0BB0F9004BD99A /* BottomStatisticsSheet.swift in Sources */,
				E376E97C2CFB88390065892D /* ReceiptDetailViewModel.swift in Sources */,
				E3A892512D03A05D00574218 /* PDFError.swift in Sources */,
				E396E9FA2CD651C100930B47 /* DailySalesView.swift in Sources */,
				E38A43842CDE43BE007BEC2B /* CarouselView.swift in Sources */,
				E3A8924C2D036FA400574218 /* ItemEntity.swift in Sources */,
				E36870C22D457DF700AC6CC7 /* CGRect+Centered.swift in Sources */,
				E3A892532D03A0AD00574218 /* DatabaseError.swift in Sources */,
				E35787162D09E5C00088098E /* TopSalesStatView.swift in Sources */,
				E3D394BC2D37343C00D943ED /* PDFAPI.swift in Sources */,
				E35656952D0F69FE00B7E78D /* MockReceiptManager.swift in Sources */,
				E35D3F522D53D29C003B3267 /* MainContainer.swift in Sources */,
				E3E9077C2D46A4D4009F7439 /* CustomErrorAlertView.swift in Sources */,
				E3558BE12D5FA6B5009611BB /* MockItemManager.swift in Sources */,
				E39B91DD2D023B4100150545 /* MockItems.swift in Sources */,
				E3A11C9F2CFFBF9C00C0A55C /* ReceiptDetailBar.swift in Sources */,
				E369E3032D52CE580099C126 /* MainCoordinator.swift in Sources */,
				E399FFBA2CE50EA200BE0F31 /* ReceiptDetailView.swift in Sources */,
				E39B97C72D0B3A780095E384 /* MockReceipt.swift in Sources */,
				E3AE5E162D52C91700B6623D /* MockReceiptDetailFactory.swift in Sources */,
				E311C8FF2D50557E00CCAC2A /* MockSalesFactory.swift in Sources */,
				E311C8FD2D50555300CCAC2A /* MockDailySalesFactory.swift in Sources */,
				E3E089032CE39A3400DB0DF3 /* DailySalesViewModel.swift in Sources */,
				E3AE5E122D52C76900B6623D /* ReceiptDetailFactory.swift in Sources */,
				E330C3222CD9329B001CA7A5 /* BottomBar.swift in Sources */,
				E3BD976A2D3B0B7500CF2949 /* DeleteConfirmationPopup.swift in Sources */,
				E39B97C92D0B3B0F0095E384 /* MockSalesDatabase.swift in Sources */,
				E3A11C992CFFB75B00C0A55C /* ReceiptList.swift in Sources */,
				E38A43822CDE436B007BEC2B /* ReceiptView.swift in Sources */,
				E3BD976C2D3B10FF00CF2949 /* DateRangePicker.swift in Sources */,
				E3A8924E2D036FE300574218 /* ReceiptEntity.swift in Sources */,
				E3BD97662D3B081900CF2949 /* FiltersView.swift in Sources */,
				E36DB9A52D4ACF620058E690 /* DailySalesFactory.swift in Sources */,
				E3FE02632CD554BA00779E5B /* Item.swift in Sources */,
				E376E97F2CFBA92D0065892D /* DetailSalesReceipt.swift in Sources */,
				E369E3052D52CEBE0099C126 /* Route.swift in Sources */,
				E35E58262D0CD3CA00F3F0E4 /* StatisticsClosedButton.swift in Sources */,
				E3A11C972CFFB65900C0A55C /* CustomerNamePopup.swift in Sources */,
				E35E58242D0CC76400F3F0E4 /* CustomTopRoundedShape.swift in Sources */,
				E369E3072D52D1DE0099C126 /* CoordinatorFactory.swift in Sources */,
				E3FE02542CD5546300779E5B /* SalesReceiptApp.swift in Sources */,
				E3DFA2112D0764BD00A7B17A /* SalesStatistics.swift in Sources */,
				E3A11C9D2CFFB80A00C0A55C /* CustomDatePickerView.swift in Sources */,
				E3D394BE2D37346800D943ED /* StatisticsAPI.swift in Sources */,
				E34AFF4A2D087BE70032D9BF /* StatCard.swift in Sources */,
				E3661F692D61269D00E76317 /* View+Translation.swift in Sources */,
			);
			runOnlyForDeploymentPostprocessing = 0;
		};
/* End PBXSourcesBuildPhase section */

/* Begin PBXTargetDependency section */
		E3F66A6C2D5EA307003BF25B /* PBXTargetDependency */ = {
			isa = PBXTargetDependency;
			target = E3FE024F2CD5546300779E5B /* SalesReceipt */;
			targetProxy = E3F66A6B2D5EA307003BF25B /* PBXContainerItemProxy */;
		};
/* End PBXTargetDependency section */

/* Begin XCBuildConfiguration section */
		E3F66A6D2D5EA307003BF25B /* Debug */ = {
			isa = XCBuildConfiguration;
			buildSettings = {
				BUNDLE_LOADER = "$(TEST_HOST)";
				CODE_SIGN_STYLE = Automatic;
				CURRENT_PROJECT_VERSION = 1;
				DEVELOPMENT_TEAM = 6XK3NFM9Y7;
				GENERATE_INFOPLIST_FILE = YES;
				IPHONEOS_DEPLOYMENT_TARGET = 16.2;
				MACOSX_DEPLOYMENT_TARGET = 12.7;
				MARKETING_VERSION = 1.0;
				PRODUCT_BUNDLE_IDENTIFIER = nazar.SalesReceiptTests;
				PRODUCT_NAME = "$(TARGET_NAME)";
				SDKROOT = auto;
				SUPPORTED_PLATFORMS = "iphoneos iphonesimulator macosx";
				SWIFT_EMIT_LOC_STRINGS = NO;
				SWIFT_VERSION = 5.0;
				TARGETED_DEVICE_FAMILY = "1,2";
				TEST_HOST = "$(BUILT_PRODUCTS_DIR)/SalesReceipt.app/$(BUNDLE_EXECUTABLE_FOLDER_PATH)/SalesReceipt";
			};
			name = Debug;
		};
		E3F66A6E2D5EA307003BF25B /* Release */ = {
			isa = XCBuildConfiguration;
			buildSettings = {
				BUNDLE_LOADER = "$(TEST_HOST)";
				CODE_SIGN_STYLE = Automatic;
				CURRENT_PROJECT_VERSION = 1;
				DEVELOPMENT_TEAM = 6XK3NFM9Y7;
				GENERATE_INFOPLIST_FILE = YES;
				IPHONEOS_DEPLOYMENT_TARGET = 16.2;
				MACOSX_DEPLOYMENT_TARGET = 12.7;
				MARKETING_VERSION = 1.0;
				PRODUCT_BUNDLE_IDENTIFIER = nazar.SalesReceiptTests;
				PRODUCT_NAME = "$(TARGET_NAME)";
				SDKROOT = auto;
				SUPPORTED_PLATFORMS = "iphoneos iphonesimulator macosx";
				SWIFT_EMIT_LOC_STRINGS = NO;
				SWIFT_VERSION = 5.0;
				TARGETED_DEVICE_FAMILY = "1,2";
				TEST_HOST = "$(BUILT_PRODUCTS_DIR)/SalesReceipt.app/$(BUNDLE_EXECUTABLE_FOLDER_PATH)/SalesReceipt";
			};
			name = Release;
		};
		E3FE025C2CD5546900779E5B /* Debug */ = {
			isa = XCBuildConfiguration;
			buildSettings = {
				ALWAYS_SEARCH_USER_PATHS = NO;
				CLANG_ANALYZER_NONNULL = YES;
				CLANG_ANALYZER_NUMBER_OBJECT_CONVERSION = YES_AGGRESSIVE;
				CLANG_CXX_LANGUAGE_STANDARD = "gnu++20";
				CLANG_ENABLE_MODULES = YES;
				CLANG_ENABLE_OBJC_ARC = YES;
				CLANG_ENABLE_OBJC_WEAK = YES;
				CLANG_WARN_BLOCK_CAPTURE_AUTORELEASING = YES;
				CLANG_WARN_BOOL_CONVERSION = YES;
				CLANG_WARN_COMMA = YES;
				CLANG_WARN_CONSTANT_CONVERSION = YES;
				CLANG_WARN_DEPRECATED_OBJC_IMPLEMENTATIONS = YES;
				CLANG_WARN_DIRECT_OBJC_ISA_USAGE = YES_ERROR;
				CLANG_WARN_DOCUMENTATION_COMMENTS = YES;
				CLANG_WARN_EMPTY_BODY = YES;
				CLANG_WARN_ENUM_CONVERSION = YES;
				CLANG_WARN_INFINITE_RECURSION = YES;
				CLANG_WARN_INT_CONVERSION = YES;
				CLANG_WARN_NON_LITERAL_NULL_CONVERSION = YES;
				CLANG_WARN_OBJC_IMPLICIT_RETAIN_SELF = YES;
				CLANG_WARN_OBJC_LITERAL_CONVERSION = YES;
				CLANG_WARN_OBJC_ROOT_CLASS = YES_ERROR;
				CLANG_WARN_QUOTED_INCLUDE_IN_FRAMEWORK_HEADER = YES;
				CLANG_WARN_RANGE_LOOP_ANALYSIS = YES;
				CLANG_WARN_STRICT_PROTOTYPES = YES;
				CLANG_WARN_SUSPICIOUS_MOVE = YES;
				CLANG_WARN_UNGUARDED_AVAILABILITY = YES_AGGRESSIVE;
				CLANG_WARN_UNREACHABLE_CODE = YES;
				CLANG_WARN__DUPLICATE_METHOD_MATCH = YES;
				COPY_PHASE_STRIP = NO;
				DEBUG_INFORMATION_FORMAT = dwarf;
				ENABLE_STRICT_OBJC_MSGSEND = YES;
				ENABLE_TESTABILITY = YES;
				GCC_C_LANGUAGE_STANDARD = gnu11;
				GCC_DYNAMIC_NO_PIC = NO;
				GCC_NO_COMMON_BLOCKS = YES;
				GCC_OPTIMIZATION_LEVEL = 0;
				GCC_PREPROCESSOR_DEFINITIONS = (
					"DEBUG=1",
					"$(inherited)",
				);
				GCC_WARN_64_TO_32_BIT_CONVERSION = YES;
				GCC_WARN_ABOUT_RETURN_TYPE = YES_ERROR;
				GCC_WARN_UNDECLARED_SELECTOR = YES;
				GCC_WARN_UNINITIALIZED_AUTOS = YES_AGGRESSIVE;
				GCC_WARN_UNUSED_FUNCTION = YES;
				GCC_WARN_UNUSED_VARIABLE = YES;
				IPHONEOS_DEPLOYMENT_TARGET = 16.2;
				MTL_ENABLE_DEBUG_INFO = INCLUDE_SOURCE;
				MTL_FAST_MATH = YES;
				ONLY_ACTIVE_ARCH = YES;
				SDKROOT = iphoneos;
				SWIFT_ACTIVE_COMPILATION_CONDITIONS = DEBUG;
				SWIFT_OPTIMIZATION_LEVEL = "-Onone";
			};
			name = Debug;
		};
		E3FE025D2CD5546900779E5B /* Release */ = {
			isa = XCBuildConfiguration;
			buildSettings = {
				ALWAYS_SEARCH_USER_PATHS = NO;
				CLANG_ANALYZER_NONNULL = YES;
				CLANG_ANALYZER_NUMBER_OBJECT_CONVERSION = YES_AGGRESSIVE;
				CLANG_CXX_LANGUAGE_STANDARD = "gnu++20";
				CLANG_ENABLE_MODULES = YES;
				CLANG_ENABLE_OBJC_ARC = YES;
				CLANG_ENABLE_OBJC_WEAK = YES;
				CLANG_WARN_BLOCK_CAPTURE_AUTORELEASING = YES;
				CLANG_WARN_BOOL_CONVERSION = YES;
				CLANG_WARN_COMMA = YES;
				CLANG_WARN_CONSTANT_CONVERSION = YES;
				CLANG_WARN_DEPRECATED_OBJC_IMPLEMENTATIONS = YES;
				CLANG_WARN_DIRECT_OBJC_ISA_USAGE = YES_ERROR;
				CLANG_WARN_DOCUMENTATION_COMMENTS = YES;
				CLANG_WARN_EMPTY_BODY = YES;
				CLANG_WARN_ENUM_CONVERSION = YES;
				CLANG_WARN_INFINITE_RECURSION = YES;
				CLANG_WARN_INT_CONVERSION = YES;
				CLANG_WARN_NON_LITERAL_NULL_CONVERSION = YES;
				CLANG_WARN_OBJC_IMPLICIT_RETAIN_SELF = YES;
				CLANG_WARN_OBJC_LITERAL_CONVERSION = YES;
				CLANG_WARN_OBJC_ROOT_CLASS = YES_ERROR;
				CLANG_WARN_QUOTED_INCLUDE_IN_FRAMEWORK_HEADER = YES;
				CLANG_WARN_RANGE_LOOP_ANALYSIS = YES;
				CLANG_WARN_STRICT_PROTOTYPES = YES;
				CLANG_WARN_SUSPICIOUS_MOVE = YES;
				CLANG_WARN_UNGUARDED_AVAILABILITY = YES_AGGRESSIVE;
				CLANG_WARN_UNREACHABLE_CODE = YES;
				CLANG_WARN__DUPLICATE_METHOD_MATCH = YES;
				COPY_PHASE_STRIP = NO;
				DEBUG_INFORMATION_FORMAT = "dwarf-with-dsym";
				ENABLE_NS_ASSERTIONS = NO;
				ENABLE_STRICT_OBJC_MSGSEND = YES;
				GCC_C_LANGUAGE_STANDARD = gnu11;
				GCC_NO_COMMON_BLOCKS = YES;
				GCC_WARN_64_TO_32_BIT_CONVERSION = YES;
				GCC_WARN_ABOUT_RETURN_TYPE = YES_ERROR;
				GCC_WARN_UNDECLARED_SELECTOR = YES;
				GCC_WARN_UNINITIALIZED_AUTOS = YES_AGGRESSIVE;
				GCC_WARN_UNUSED_FUNCTION = YES;
				GCC_WARN_UNUSED_VARIABLE = YES;
				IPHONEOS_DEPLOYMENT_TARGET = 16.2;
				MTL_ENABLE_DEBUG_INFO = NO;
				MTL_FAST_MATH = YES;
				SDKROOT = iphoneos;
				SWIFT_COMPILATION_MODE = wholemodule;
				SWIFT_OPTIMIZATION_LEVEL = "-O";
				VALIDATE_PRODUCT = YES;
			};
			name = Release;
		};
		E3FE025F2CD5546900779E5B /* Debug */ = {
			isa = XCBuildConfiguration;
			buildSettings = {
				ASSETCATALOG_COMPILER_APPICON_NAME = AppIcon;
				ASSETCATALOG_COMPILER_GLOBAL_ACCENT_COLOR_NAME = AccentColor;
				CODE_SIGN_STYLE = Automatic;
				CURRENT_PROJECT_VERSION = 1;
				DEVELOPMENT_ASSET_PATHS = "\"SalesReceipt/Preview Content\"";
				DEVELOPMENT_TEAM = 6XK3NFM9Y7;
				ENABLE_PREVIEWS = YES;
				GENERATE_INFOPLIST_FILE = YES;
				INFOPLIST_FILE = SalesReceipt/Info.plist;
				INFOPLIST_KEY_UIApplicationSceneManifest_Generation = YES;
				INFOPLIST_KEY_UIApplicationSupportsIndirectInputEvents = YES;
				INFOPLIST_KEY_UILaunchScreen_Generation = YES;
				INFOPLIST_KEY_UISupportedInterfaceOrientations_iPad = "UIInterfaceOrientationPortrait UIInterfaceOrientationPortraitUpsideDown UIInterfaceOrientationLandscapeLeft UIInterfaceOrientationLandscapeRight";
				INFOPLIST_KEY_UISupportedInterfaceOrientations_iPhone = "UIInterfaceOrientationPortrait UIInterfaceOrientationLandscapeLeft UIInterfaceOrientationLandscapeRight";
				LD_RUNPATH_SEARCH_PATHS = (
					"$(inherited)",
					"@executable_path/Frameworks",
				);
				MARKETING_VERSION = 1.0;
				PRODUCT_BUNDLE_IDENTIFIER = nazar.SalesReceipt;
				PRODUCT_NAME = "$(TARGET_NAME)";
				SWIFT_EMIT_LOC_STRINGS = YES;
				SWIFT_VERSION = 5.0;
				TARGETED_DEVICE_FAMILY = "1,2";
			};
			name = Debug;
		};
		E3FE02602CD5546900779E5B /* Release */ = {
			isa = XCBuildConfiguration;
			buildSettings = {
				ASSETCATALOG_COMPILER_APPICON_NAME = AppIcon;
				ASSETCATALOG_COMPILER_GLOBAL_ACCENT_COLOR_NAME = AccentColor;
				CODE_SIGN_STYLE = Automatic;
				CURRENT_PROJECT_VERSION = 1;
				DEVELOPMENT_ASSET_PATHS = "\"SalesReceipt/Preview Content\"";
				DEVELOPMENT_TEAM = 6XK3NFM9Y7;
				ENABLE_PREVIEWS = YES;
				GENERATE_INFOPLIST_FILE = YES;
				INFOPLIST_FILE = SalesReceipt/Info.plist;
				INFOPLIST_KEY_UIApplicationSceneManifest_Generation = YES;
				INFOPLIST_KEY_UIApplicationSupportsIndirectInputEvents = YES;
				INFOPLIST_KEY_UILaunchScreen_Generation = YES;
				INFOPLIST_KEY_UISupportedInterfaceOrientations_iPad = "UIInterfaceOrientationPortrait UIInterfaceOrientationPortraitUpsideDown UIInterfaceOrientationLandscapeLeft UIInterfaceOrientationLandscapeRight";
				INFOPLIST_KEY_UISupportedInterfaceOrientations_iPhone = "UIInterfaceOrientationPortrait UIInterfaceOrientationLandscapeLeft UIInterfaceOrientationLandscapeRight";
				LD_RUNPATH_SEARCH_PATHS = (
					"$(inherited)",
					"@executable_path/Frameworks",
				);
				MARKETING_VERSION = 1.0;
				PRODUCT_BUNDLE_IDENTIFIER = nazar.SalesReceipt;
				PRODUCT_NAME = "$(TARGET_NAME)";
				SWIFT_EMIT_LOC_STRINGS = YES;
				SWIFT_VERSION = 5.0;
				TARGETED_DEVICE_FAMILY = "1,2";
			};
			name = Release;
		};
/* End XCBuildConfiguration section */

/* Begin XCConfigurationList section */
		E3F66A6F2D5EA307003BF25B /* Build configuration list for PBXNativeTarget "SalesReceiptTests" */ = {
			isa = XCConfigurationList;
			buildConfigurations = (
				E3F66A6D2D5EA307003BF25B /* Debug */,
				E3F66A6E2D5EA307003BF25B /* Release */,
			);
			defaultConfigurationIsVisible = 0;
			defaultConfigurationName = Release;
		};
		E3FE024B2CD5546300779E5B /* Build configuration list for PBXProject "SalesReceipt" */ = {
			isa = XCConfigurationList;
			buildConfigurations = (
				E3FE025C2CD5546900779E5B /* Debug */,
				E3FE025D2CD5546900779E5B /* Release */,
			);
			defaultConfigurationIsVisible = 0;
			defaultConfigurationName = Release;
		};
		E3FE025E2CD5546900779E5B /* Build configuration list for PBXNativeTarget "SalesReceipt" */ = {
			isa = XCConfigurationList;
			buildConfigurations = (
				E3FE025F2CD5546900779E5B /* Debug */,
				E3FE02602CD5546900779E5B /* Release */,
			);
			defaultConfigurationIsVisible = 0;
			defaultConfigurationName = Release;
		};
/* End XCConfigurationList section */

/* Begin XCRemoteSwiftPackageReference section */
		E3918EAE2CDD411B00BCD8F2 /* XCRemoteSwiftPackageReference "SwiftUI-Introspect" */ = {
			isa = XCRemoteSwiftPackageReference;
			repositoryURL = "https://github.com/siteline/SwiftUI-Introspect";
			requirement = {
				kind = upToNextMajorVersion;
				minimumVersion = 1.0.0;
			};
		};
		E3E088FF2CE38CC500DB0DF3 /* XCRemoteSwiftPackageReference "PopupView" */ = {
			isa = XCRemoteSwiftPackageReference;
			repositoryURL = "https://github.com/exyte/PopupView.git";
			requirement = {
				kind = upToNextMajorVersion;
				minimumVersion = 2.9.5;
			};
		};
/* End XCRemoteSwiftPackageReference section */

/* Begin XCSwiftPackageProductDependency section */
		E3918EAF2CDD411B00BCD8F2 /* SwiftUIIntrospect */ = {
			isa = XCSwiftPackageProductDependency;
			package = E3918EAE2CDD411B00BCD8F2 /* XCRemoteSwiftPackageReference "SwiftUI-Introspect" */;
			productName = SwiftUIIntrospect;
		};
		E3E089002CE38CC500DB0DF3 /* PopupView */ = {
			isa = XCSwiftPackageProductDependency;
			package = E3E088FF2CE38CC500DB0DF3 /* XCRemoteSwiftPackageReference "PopupView" */;
			productName = PopupView;
		};
/* End XCSwiftPackageProductDependency section */
	};
	rootObject = E3FE02482CD5546300779E5B /* Project object */;
}
